{
  "nodes": {
    "finix": {
      "locked": {
        "lastModified": 1786207804,
        "narHash": "sha256-atiEdr1Kxu/l90WbOU/Jh1Ov22UqBMShZ3EzWNKIyJ4=",
        "owner": "finix-community",
        "repo": "finix",
        "rev": "ca52b0d781d345d848b3b2b32ffa3460ae959991",
        "type": "github"
      },
      "original": {
        "owner": "finix-community",
        "repo": "finix",
        "type": "github"
      }
    },
    "nixpkgs": {
      "locked": {
        "lastModified": 1786384358,
        "narHash": "sha256-RzPPiWeUtuvymnpuEWsdtzli5w4kjZs49FqEs3/1u+I=",
        "owner": "nixos",
        "repo": "nixpkgs",
        "rev": "2fcb964de67fcf60b43471c55d5d99e61a9ccb5a",
        "type": "github"
      },
      "original": {
        "owner": "nixos",
        "ref": "nixos-unstable",
        "repo": "nixpkgs",
        "type": "github"
      }
    },
    "root": {
      "inputs": {
        "finix": "finix",
        "nixpkgs": "nixpkgs"
      }
    }
  },
  "root": "root",
  "version": 7
}
